
Microsoft Visual Studio Solution File, Format Version 12.00
# Visual Studio 2012
Project("{F2A71F9B-5D33-465A-A702-920D77279786}") = "C64Basic", "src\C64Basic\C64Basic.fsproj", "{299B5736-0362-4065-811E-E730341DF347}"
EndProject
Global
	GlobalSection(SolutionConfigurationPlatforms) = preSolution
		Debug|Any CPU = Debug|Any CPU
		Release|Any CPU = Release|Any CPU
	EndGlobalSection
	GlobalSection(ProjectConfigurationPlatforms) = postSolution
		{299B5736-0362-4065-811E-E730341DF347}.Debug|Any CPU.ActiveCfg = Debug|Any CPU
		{299B5736-0362-4065-811E-E730341DF347}.Debug|Any CPU.Build.0 = Debug|Any CPU
		{299B5736-0362-4065-811E-E730341DF347}.Release|Any CPU.ActiveCfg = Release|Any CPU
		{299B5736-0362-4065-811E-E730341DF347}.Release|Any CPU.Build.0 = Release|Any CPU
	EndGlobalSection
	GlobalSection(SolutionProperties) = preSolution
		HideSolutionNode = FALSE
	EndGlobalSection
EndGlobal
